
Microsoft Visual Studio Solution File, Format Version 12.00
# Visual Studio Version 16
VisualStudioVersion = 16.0.30104.148
MinimumVisualStudioVersion = 10.0.40219.1
Project("{FAE04EC0-301F-11D3-BF4B-00C04F79EFBC}") = "RocketModder", "RocketModder\RocketModder.csproj", "{8C78026C-C5F1-43E2-B0D0-3F68B07D6DB4}"
EndProject
Global
	GlobalSection(SolutionConfigurationPlatforms) = preSolution
		Debug|Any CPU = Debug|Any CPU
		Release|Any CPU = Release|Any CPU
	EndGlobalSection
	GlobalSection(ProjectConfigurationPlatforms) = postSolution
		{8C78026C-C5F1-43E2-B0D0-3F68B07D6DB4}.Debug|Any CPU.ActiveCfg = Debug|Any CPU
		{8C78026C-C5F1-43E2-B0D0-3F68B07D6DB4}.Debug|Any CPU.Build.0 = Debug|Any CPU
		{8C78026C-C5F1-43E2-B0D0-3F68B07D6DB4}.Release|Any CPU.ActiveCfg = Release|Any CPU
		{8C78026C-C5F1-43E2-B0D0-3F68B07D6DB4}.Release|Any CPU.Build.0 = Release|Any CPU
	EndGlobalSection
	GlobalSection(SolutionProperties) = preSolution
		HideSolutionNode = FALSE
	EndGlobalSection
	GlobalSection(ExtensibilityGlobals) = postSolution
		SolutionGuid = {4A20AACB-4083-4288-8F97-E62B15CD7AE8}
	EndGlobalSection
EndGlobal
